// !$*UTF8*$!
{
	archiveVersion = 1;
	classes = {
	};
	objectVersion = 48;
	objects = {

/* Begin PBXBuildFile section */
		3925CB651FCBF77E00261CF0 /* RCTKSYVideoManager.m in Sources */ = {isa = PBXBuildFile; fileRef = 3925CB641FCBF77E00261CF0 /* RCTKSYVideoManager.m */; };
		3925CB7B1FCBFC2E00261CF0 /* RCTKSYVideo.m in Sources */ = {isa = PBXBuildFile; fileRef = 3925CB7A1FCBFC2E00261CF0 /* RCTKSYVideo.m */; };
		3925CB851FCC023600261CF0 /* KSYMediaPlayer.framework in Frameworks */ = {isa = PBXBuildFile; fileRef = 3925CB841FCC023600261CF0 /* KSYMediaPlayer.framework */; };
/* End PBXBuildFile section */

/* Begin PBXCopyFilesBuildPhase section */
		3925CB321FCBF4C900261CF0 /* CopyFiles */ = {
			isa = PBXCopyFilesBuildPhase;
			buildActionMask = 2147483647;
			dstPath = "include/$(PRODUCT_NAME)";
			dstSubfolderSpec = 16;
			files = (
			);
			runOnlyForDeploymentPostprocessing = 0;
		};
/* End PBXCopyFilesBuildPhase section */

/* Begin PBXFileReference section */
		3925CB341FCBF4C900261CF0 /* libRCTKSYVideo.a */ = {isa = PBXFileReference; explicitFileType = archive.ar; includeInIndex = 0; path = libRCTKSYVideo.a; sourceTree = BUILT_PRODUCTS_DIR; };
		3925CB631FCBF77E00261CF0 /* RCTKSYVideoManager.h */ = {isa = PBXFileReference; lastKnownFileType = sourcecode.c.h; path = RCTKSYVideoManager.h; sourceTree = "<group>"; };
		3925CB641FCBF77E00261CF0 /* RCTKSYVideoManager.m */ = {isa = PBXFileReference; lastKnownFileType = sourcecode.c.objc; path = RCTKSYVideoManager.m; sourceTree = "<group>"; };
		3925CB791FCBFC2E00261CF0 /* RCTKSYVideo.h */ = {isa = PBXFileReference; lastKnownFileType = sourcecode.c.h; path = RCTKSYVideo.h; sourceTree = "<group>"; };
		3925CB7A1FCBFC2E00261CF0 /* RCTKSYVideo.m */ = {isa = PBXFileReference; lastKnownFileType = sourcecode.c.objc; path = RCTKSYVideo.m; sourceTree = "<group>"; };
		3925CB841FCC023600261CF0 /* KSYMediaPlayer.framework */ = {isa = PBXFileReference; lastKnownFileType = wrapper.framework; path = KSYMediaPlayer.framework; sourceTree = "<group>"; };
/* End PBXFileReference section */

/* Begin PBXFrameworksBuildPhase section */
		3925CB311FCBF4C900261CF0 /* Frameworks */ = {
			isa = PBXFrameworksBuildPhase;
			buildActionMask = 2147483647;
			files = (
				3925CB851FCC023600261CF0 /* KSYMediaPlayer.framework in Frameworks */,
			);
			runOnlyForDeploymentPostprocessing = 0;
		};
/* End PBXFrameworksBuildPhase section */

/* Begin PBXGroup section */
		3925CB2B1FCBF4C900261CF0 = {
			isa = PBXGroup;
			children = (
				3925CB841FCC023600261CF0 /* KSYMediaPlayer.framework */,
				3925CB361FCBF4C900261CF0 /* RCTKSYVideo */,
				3925CB351FCBF4C900261CF0 /* Products */,
			);
			sourceTree = "<group>";
		};
		3925CB351FCBF4C900261CF0 /* Products */ = {
			isa = PBXGroup;
			children = (
				3925CB341FCBF4C900261CF0 /* libRCTKSYVideo.a */,
			);
			name = Products;
			sourceTree = "<group>";
		};
		3925CB361FCBF4C900261CF0 /* RCTKSYVideo */ = {
			isa = PBXGroup;
			children = (
				3925CB631FCBF77E00261CF0 /* RCTKSYVideoManager.h */,
				3925CB641FCBF77E00261CF0 /* RCTKSYVideoManager.m */,
				3925CB791FCBFC2E00261CF0 /* RCTKSYVideo.h */,
				3925CB7A1FCBFC2E00261CF0 /* RCTKSYVideo.m */,
			);
			path = RCTKSYVideo;
			sourceTree = "<group>";
		};
/* End PBXGroup section */

/* Begin PBXNativeTarget section */
		3925CB331FCBF4C900261CF0 /* RCTKSYVideo */ = {
			isa = PBXNativeTarget;
			buildConfigurationList = 3925CB3D1FCBF4C900261CF0 /* Build configuration list for PBXNativeTarget "RCTKSYVideo" */;
			buildPhases = (
				3925CB301FCBF4C900261CF0 /* Sources */,
				3925CB311FCBF4C900261CF0 /* Frameworks */,
				3925CB321FCBF4C900261CF0 /* CopyFiles */,
			);
			buildRules = (
			);
			dependencies = (
			);
			name = RCTKSYVideo;
			productName = RCTKSYVideo;
			productReference = 3925CB341FCBF4C900261CF0 /* libRCTKSYVideo.a */;
			productType = "com.apple.product-type.library.static";
		};
/* End PBXNativeTarget section */

/* Begin PBXProject section */
		3925CB2C1FCBF4C900261CF0 /* Project object */ = {
			isa = PBXProject;
			attributes = {
				LastUpgradeCheck = 0910;
				ORGANIZATIONNAME = mayudong;
				TargetAttributes = {
					3925CB331FCBF4C900261CF0 = {
						CreatedOnToolsVersion = 9.1;
						ProvisioningStyle = Automatic;
					};
				};
			};
			buildConfigurationList = 3925CB2F1FCBF4C900261CF0 /* Build configuration list for PBXProject "RCTKSYVideo" */;
			compatibilityVersion = "Xcode 8.0";
			developmentRegion = en;
			hasScannedForEncodings = 0;
			knownRegions = (
				en,
			);
			mainGroup = 3925CB2B1FCBF4C900261CF0;
			productRefGroup = 3925CB351FCBF4C900261CF0 /* Products */;
			projectDirPath = "";
			projectRoot = "";
			targets = (
				3925CB331FCBF4C900261CF0 /* RCTKSYVideo */,
			);
		};
/* End PBXProject section */

/* Begin PBXSourcesBuildPhase section */
		3925CB301FCBF4C900261CF0 /* Sources */ = {
			isa = PBXSourcesBuildPhase;
			buildActionMask = 2147483647;
			files = (
				3925CB651FCBF77E00261CF0 /* RCTKSYVideoManager.m in Sources */,
				3925CB7B1FCBFC2E00261CF0 /* RCTKSYVideo.m in Sources */,
			);
			runOnlyForDeploymentPostprocessing = 0;
		};
/* End PBXSourcesBuildPhase section */

/* Begin XCBuildConfiguration section */
		3925CB3B1FCBF4C900261CF0 /* Debug */ = {
			isa = XCBuildConfiguration;
			buildSettings = {
				ALWAYS_SEARCH_USER_PATHS = NO;
				CLANG_ANALYZER_NONNULL = YES;
				CLANG_ANALYZER_NUMBER_OBJECT_CONVERSION = YES_AGGRESSIVE;
				CLANG_CXX_LANGUAGE_STANDARD = "gnu++14";
				CLANG_CXX_LIBRARY = "libc++";
				CLANG_ENABLE_MODULES = YES;
				CLANG_ENABLE_OBJC_ARC = YES;
				CLANG_WARN_BLOCK_CAPTURE_AUTORELEASING = YES;
				CLANG_WARN_BOOL_CONVERSION = YES;
				CLANG_WARN_COMMA = YES;
				CLANG_WARN_CONSTANT_CONVERSION = YES;
				CLANG_WARN_DIRECT_OBJC_ISA_USAGE = YES_ERROR;
				CLANG_WARN_DOCUMENTATION_COMMENTS = YES;
				CLANG_WARN_EMPTY_BODY = YES;
				CLANG_WARN_ENUM_CONVERSION = YES;
				CLANG_WARN_INFINITE_RECURSION = YES;
				CLANG_WARN_INT_CONVERSION = YES;
				CLANG_WARN_NON_LITERAL_NULL_CONVERSION = YES;
				CLANG_WARN_OBJC_LITERAL_CONVERSION = YES;
				CLANG_WARN_OBJC_ROOT_CLASS = YES_ERROR;
				CLANG_WARN_RANGE_LOOP_ANALYSIS = YES;
				CLANG_WARN_STRICT_PROTOTYPES = YES;
				CLANG_WARN_SUSPICIOUS_MOVE = YES;
				CLANG_WARN_UNGUARDED_AVAILABILITY = YES_AGGRESSIVE;
				CLANG_WARN_UNREACHABLE_CODE = YES;
				CLANG_WARN__DUPLICATE_METHOD_MATCH = YES;
				CODE_SIGN_IDENTITY = "iPhone Developer";
				COPY_PHASE_STRIP = NO;
				DEBUG_INFORMATION_FORMAT = dwarf;
				ENABLE_STRICT_OBJC_MSGSEND = YES;
				ENABLE_TESTABILITY = YES;
				GCC_C_LANGUAGE_STANDARD = gnu11;
				GCC_DYNAMIC_NO_PIC = NO;
				GCC_NO_COMMON_BLOCKS = YES;
				GCC_OPTIMIZATION_LEVEL = 0;
				GCC_PREPROCESSOR_DEFINITIONS = (
					"DEBUG=1",
					"$(inherited)",
				);
				GCC_WARN_64_TO_32_BIT_CONVERSION = YES;
				GCC_WARN_ABOUT_RETURN_TYPE = YES_ERROR;
				GCC_WARN_UNDECLARED_SELECTOR = YES;
				GCC_WARN_UNINITIALIZED_AUTOS = YES_AGGRESSIVE;
				GCC_WARN_UNUSED_FUNCTION = YES;
				GCC_WARN_UNUSED_VARIABLE = YES;
				HEADER_SEARCH_PATHS = "";
				IPHONEOS_DEPLOYMENT_TARGET = 9.0;
				MTL_ENABLE_DEBUG_INFO = YES;
				ONLY_ACTIVE_ARCH = YES;
				SDKROOT = iphoneos;
				WARNING_CFLAGS = "";
			};
			name = Debug;
		};
		3925CB3C1FCBF4C900261CF0 /* Release */ = {
			isa = XCBuildConfiguration;
			buildSettings = {
				ALWAYS_SEARCH_USER_PATHS = NO;
				CLANG_ANALYZER_NONNULL = YES;
				CLANG_ANALYZER_NUMBER_OBJECT_CONVERSION = YES_AGGRESSIVE;
				CLANG_CXX_LANGUAGE_STANDARD = "gnu++14";
				CLANG_CXX_LIBRARY = "libc++";
				CLANG_ENABLE_MODULES = YES;
				CLANG_ENABLE_OBJC_ARC = YES;
				CLANG_WARN_BLOCK_CAPTURE_AUTORELEASING = YES;
				CLANG_WARN_BOOL_CONVERSION = YES;
				CLANG_WARN_COMMA = YES;
				CLANG_WARN_CONSTANT_CONVERSION = YES;
				CLANG_WARN_DIRECT_OBJC_ISA_USAGE = YES_ERROR;
				CLANG_WARN_DOCUMENTATION_COMMENTS = YES;
				CLANG_WARN_EMPTY_BODY = YES;
				CLANG_WARN_ENUM_CONVERSION = YES;
				CLANG_WARN_INFINITE_RECURSION = YES;
				CLANG_WARN_INT_CONVERSION = YES;
				CLANG_WARN_NON_LITERAL_NULL_CONVERSION = YES;
				CLANG_WARN_OBJC_LITERAL_CONVERSION = YES;
				CLANG_WARN_OBJC_ROOT_CLASS = YES_ERROR;
				CLANG_WARN_RANGE_LOOP_ANALYSIS = YES;
				CLANG_WARN_STRICT_PROTOTYPES = YES;
				CLANG_WARN_SUSPICIOUS_MOVE = YES;
				CLANG_WARN_UNGUARDED_AVAILABILITY = YES_AGGRESSIVE;
				CLANG_WARN_UNREACHABLE_CODE = YES;
				CLANG_WARN__DUPLICATE_METHOD_MATCH = YES;
				CODE_SIGN_IDENTITY = "iPhone Developer";
				COPY_PHASE_STRIP = NO;
				DEBUG_INFORMATION_FORMAT = "dwarf-with-dsym";
				ENABLE_NS_ASSERTIONS = NO;
				ENABLE_STRICT_OBJC_MSGSEND = YES;
				GCC_C_LANGUAGE_STANDARD = gnu11;
				GCC_NO_COMMON_BLOCKS = YES;
				GCC_WARN_64_TO_32_BIT_CONVERSION = YES;
				GCC_WARN_ABOUT_RETURN_TYPE = YES_ERROR;
				GCC_WARN_UNDECLARED_SELECTOR = YES;
				GCC_WARN_UNINITIALIZED_AUTOS = YES_AGGRESSIVE;
				GCC_WARN_UNUSED_FUNCTION = YES;
				GCC_WARN_UNUSED_VARIABLE = YES;
				HEADER_SEARCH_PATHS = "";
				IPHONEOS_DEPLOYMENT_TARGET = 9.0;
				MTL_ENABLE_DEBUG_INFO = NO;
				SDKROOT = iphoneos;
				VALIDATE_PRODUCT = YES;
				WARNING_CFLAGS = "";
			};
			name = Release;
		};
		3925CB3E1FCBF4C900261CF0 /* Debug */ = {
			isa = XCBuildConfiguration;
			buildSettings = {
				CODE_SIGN_STYLE = Automatic;
				DEVELOPMENT_TEAM = ZGJ54Q7R45;
				FRAMEWORK_SEARCH_PATHS = (
					"$(inherited)",
					"$(PROJECT_DIR)",
				);
				OTHER_LDFLAGS = "-ObjC";
				PRODUCT_NAME = "$(TARGET_NAME)";
				SKIP_INSTALL = YES;
				TARGETED_DEVICE_FAMILY = "1,2";
			};
			name = Debug;
		};
		3925CB3F1FCBF4C900261CF0 /* Release */ = {
			isa = XCBuildConfiguration;
			buildSettings = {
				CODE_SIGN_STYLE = Automatic;
				DEVELOPMENT_TEAM = ZGJ54Q7R45;
				FRAMEWORK_SEARCH_PATHS = (
					"$(inherited)",
					"$(PROJECT_DIR)",
				);
				OTHER_LDFLAGS = "-ObjC";
				PRODUCT_NAME = "$(TARGET_NAME)";
				SKIP_INSTALL = YES;
				TARGETED_DEVICE_FAMILY = "1,2";
			};
			name = Release;
		};
/* End XCBuildConfiguration section */

/* Begin XCConfigurationList section */
		3925CB2F1FCBF4C900261CF0 /* Build configuration list for PBXProject "RCTKSYVideo" */ = {
			isa = XCConfigurationList;
			buildConfigurations = (
				3925CB3B1FCBF4C900261CF0 /* Debug */,
				3925CB3C1FCBF4C900261CF0 /* Release */,
			);
			defaultConfigurationIsVisible = 0;
			defaultConfigurationName = Release;
		};
		3925CB3D1FCBF4C900261CF0 /* Build configuration list for PBXNativeTarget "RCTKSYVideo" */ = {
			isa = XCConfigurationList;
			buildConfigurations = (
				3925CB3E1FCBF4C900261CF0 /* Debug */,
				3925CB3F1FCBF4C900261CF0 /* Release */,
			);
			defaultConfigurationIsVisible = 0;
			defaultConfigurationName = Release;
		};
/* End XCConfigurationList section */
	};
	rootObject = 3925CB2C1FCBF4C900261CF0 /* Project object */;
}
